
Microsoft Visual Studio Solution File, Format Version 10.00
# Visual Studio 2008
Project("{FAE04EC0-301F-11D3-BF4B-00C04F79EFBC}") = "LangPackFixer", "LangPackFixer\LangPackFixer.csproj", "{5B521973-E15C-4915-822D-2A0BC5AEE6DF}"
EndProject
Global
	GlobalSection(SolutionConfigurationPlatforms) = preSolution
		Debug|Any CPU = Debug|Any CPU
		Release|Any CPU = Release|Any CPU
	EndGlobalSection
	GlobalSection(ProjectConfigurationPlatforms) = postSolution
		{5B521973-E15C-4915-822D-2A0BC5AEE6DF}.Debug|Any CPU.ActiveCfg = Debug|Any CPU
		{5B521973-E15C-4915-822D-2A0BC5AEE6DF}.Debug|Any CPU.Build.0 = Debug|Any CPU
		{5B521973-E15C-4915-822D-2A0BC5AEE6DF}.Release|Any CPU.ActiveCfg = Release|Any CPU
		{5B521973-E15C-4915-822D-2A0BC5AEE6DF}.Release|Any CPU.Build.0 = Release|Any CPU
	EndGlobalSection
	GlobalSection(SolutionProperties) = preSolution
		HideSolutionNode = FALSE
	EndGlobalSection
EndGlobal
